{
  "name": "dewan-backend",
  "lockfileVersion": 3,
  "requires": true,
  "packages": {
    "": {
      "dependencies": {
        "httpx": "^2.2.7"
      }
    },
    "node_modules/@types/node": {
      "version": "14.18.54",
      "resolved": "https://registry.npmjs.org/@types/node/-/node-14.18.54.tgz",
      "integrity": "sha512-uq7O52wvo2Lggsx1x21tKZgqkJpvwCseBBPtX/nKQfpVlEsLOb11zZ1CRsWUKvJF0+lzuA9jwvA7Pr2Wt7i3xw=="
    },
    "node_modules/debug": {
      "version": "4.3.4",
      "resolved": "https://registry.npmjs.org/debug/-/debug-4.3.4.tgz",
      "integrity": "sha512-PRWFHuSU3eDtQJPvnNY7Jcket1j0t5OuOsFzPPzsekD52Zl8qUfFIPEiswXqIvHWGVHOgX+7G/vCNNhehwxfkQ==",
      "dependencies": {
        "ms": "2.1.2"
      },
      "engines": {
        "node": ">=6.0"
      },
      "peerDependenciesMeta": {
        "supports-color": {
          "optional": true
        }
      }
    },
    "node_modules/httpx": {
      "version": "2.2.7",
      "resolved": "https://registry.npmjs.org/httpx/-/httpx-2.2.7.tgz",
      "integrity": "sha512-Wjh2JOAah0pdczfqL8NC5378G7jMt0Zcpn8U+yyxAiejjlagzSTQgJHuVvka2VNPQlKfoGehYRc79WKq9E4gDw==",
      "dependencies": {
        "@types/node": "^14",
        "debug": "^4.1.1"
      }
    },
    "node_modules/ms": {
      "version": "2.1.2",
      "resolved": "https://registry.npmjs.org/ms/-/ms-2.1.2.tgz",
      "integrity": "sha512-sGkPx+VjMtmA6MX27oA4FBFELFCZZ4S4XqeGOXCv68tT+jb3vk/RyaKWP0PTKyWtmLSM0b+adUTEvbs1PEaH2w=="
    }
  }
}
